
Microsoft Visual Studio Solution File, Format Version 12.00
# Visual Studio Version 17
VisualStudioVersion = 17.14.36518.9
MinimumVisualStudioVersion = 10.0.40219.1
Project("{FAE04EC0-301F-11D3-BF4B-00C04F79EFBC}") = "delivery-website", "delivery-website\delivery-website.csproj", "{BF85B472-C59F-4D1E-AD10-77C0034D45D7}"
EndProject
Project("{FAE04EC0-301F-11D3-BF4B-00C04F79EFBC}") = "DeliveryTests", "DeliveryTests\DeliveryTests.csproj", "{028EEA37-70D5-4DFE-93C9-3BCD1B65CFBA}"
EndProject
Global
	GlobalSection(SolutionConfigurationPlatforms) = preSolution
		Debug|Any CPU = Debug|Any CPU
		Release|Any CPU = Release|Any CPU
	EndGlobalSection
	GlobalSection(ProjectConfigurationPlatforms) = postSolution
		{BF85B472-C59F-4D1E-AD10-77C0034D45D7}.Debug|Any CPU.ActiveCfg = Debug|Any CPU
		{BF85B472-C59F-4D1E-AD10-77C0034D45D7}.Debug|Any CPU.Build.0 = Debug|Any CPU
		{BF85B472-C59F-4D1E-AD10-77C0034D45D7}.Release|Any CPU.ActiveCfg = Release|Any CPU
		{BF85B472-C59F-4D1E-AD10-77C0034D45D7}.Release|Any CPU.Build.0 = Release|Any CPU
		{028EEA37-70D5-4DFE-93C9-3BCD1B65CFBA}.Debug|Any CPU.ActiveCfg = Debug|Any CPU
		{028EEA37-70D5-4DFE-93C9-3BCD1B65CFBA}.Debug|Any CPU.Build.0 = Debug|Any CPU
		{028EEA37-70D5-4DFE-93C9-3BCD1B65CFBA}.Release|Any CPU.ActiveCfg = Release|Any CPU
		{028EEA37-70D5-4DFE-93C9-3BCD1B65CFBA}.Release|Any CPU.Build.0 = Release|Any CPU
	EndGlobalSection
	GlobalSection(SolutionProperties) = preSolution
		HideSolutionNode = FALSE
	EndGlobalSection
	GlobalSection(ExtensibilityGlobals) = postSolution
		SolutionGuid = {0E14C500-593F-43F8-A041-1592D88E325D}
	EndGlobalSection
EndGlobal
